
Microsoft Visual Studio Solution File, Format Version 12.00
# Visual Studio Version 17
VisualStudioVersion = 17.14.36623.8
MinimumVisualStudioVersion = 10.0.40219.1
Project("{FAE04EC0-301F-11D3-BF4B-00C04F79EFBC}") = "AutoVerse.Web", "AutoVerse.Web\AutoVerse.Web.csproj", "{EEB6916A-663A-45AD-9F53-E5E5406F1677}"
EndProject
Project("{FAE04EC0-301F-11D3-BF4B-00C04F79EFBC}") = "AutoVerse.Core", "AutoVerse.Core\AutoVerse.Core.csproj", "{A8E3F78B-5573-4915-96BB-DB7DF10193AF}"
EndProject
Project("{FAE04EC0-301F-11D3-BF4B-00C04F79EFBC}") = "AutoVerse.Infrastructure", "AutoVerse.Infrastructure\AutoVerse.Infrastructure.csproj", "{1D72C070-EF82-4513-852A-723D875094AB}"
EndProject
Project("{FAE04EC0-301F-11D3-BF4B-00C04F79EFBC}") = "AutoVerse.API", "AutoVerse.API\AutoVerse.API.csproj", "{4C308D1A-7237-4CCB-9D8C-B1AB6E75707E}"
EndProject
Global
	GlobalSection(SolutionConfigurationPlatforms) = preSolution
		Debug|Any CPU = Debug|Any CPU
		Release|Any CPU = Release|Any CPU
	EndGlobalSection
	GlobalSection(ProjectConfigurationPlatforms) = postSolution
		{EEB6916A-663A-45AD-9F53-E5E5406F1677}.Debug|Any CPU.ActiveCfg = Debug|Any CPU
		{EEB6916A-663A-45AD-9F53-E5E5406F1677}.Debug|Any CPU.Build.0 = Debug|Any CPU
		{EEB6916A-663A-45AD-9F53-E5E5406F1677}.Release|Any CPU.ActiveCfg = Release|Any CPU
		{EEB6916A-663A-45AD-9F53-E5E5406F1677}.Release|Any CPU.Build.0 = Release|Any CPU
		{A8E3F78B-5573-4915-96BB-DB7DF10193AF}.Debug|Any CPU.ActiveCfg = Debug|Any CPU
		{A8E3F78B-5573-4915-96BB-DB7DF10193AF}.Debug|Any CPU.Build.0 = Debug|Any CPU
		{A8E3F78B-5573-4915-96BB-DB7DF10193AF}.Release|Any CPU.ActiveCfg = Release|Any CPU
		{A8E3F78B-5573-4915-96BB-DB7DF10193AF}.Release|Any CPU.Build.0 = Release|Any CPU
		{1D72C070-EF82-4513-852A-723D875094AB}.Debug|Any CPU.ActiveCfg = Debug|Any CPU
		{1D72C070-EF82-4513-852A-723D875094AB}.Debug|Any CPU.Build.0 = Debug|Any CPU
		{1D72C070-EF82-4513-852A-723D875094AB}.Release|Any CPU.ActiveCfg = Release|Any CPU
		{1D72C070-EF82-4513-852A-723D875094AB}.Release|Any CPU.Build.0 = Release|Any CPU
		{4C308D1A-7237-4CCB-9D8C-B1AB6E75707E}.Debug|Any CPU.ActiveCfg = Debug|Any CPU
		{4C308D1A-7237-4CCB-9D8C-B1AB6E75707E}.Debug|Any CPU.Build.0 = Debug|Any CPU
		{4C308D1A-7237-4CCB-9D8C-B1AB6E75707E}.Release|Any CPU.ActiveCfg = Release|Any CPU
		{4C308D1A-7237-4CCB-9D8C-B1AB6E75707E}.Release|Any CPU.Build.0 = Release|Any CPU
	EndGlobalSection
	GlobalSection(SolutionProperties) = preSolution
		HideSolutionNode = FALSE
	EndGlobalSection
	GlobalSection(ExtensibilityGlobals) = postSolution
		SolutionGuid = {821C44D0-9D72-46AC-869A-A1750A4EFC9F}
	EndGlobalSection
EndGlobal
